// !$*UTF8*$!
{
	archiveVersion = 1;
	classes = {
	};
	objectVersion = 45;
	objects = {

/* Begin PBXBuildFile section */
		1D60589F0D05DD5A006BFB54 /* Foundation.framework in Frameworks */ = {isa = PBXBuildFile; fileRef = 1D30AB110D05D00D00671497 /* Foundation.framework */; };
		1DF5F4E00D08C38300B7A737 /* UIKit.framework in Frameworks */ = {isa = PBXBuildFile; fileRef = 1DF5F4DF0D08C38300B7A737 /* UIKit.framework */; };
		288765FD0DF74451002DB57D /* CoreGraphics.framework in Frameworks */ = {isa = PBXBuildFile; fileRef = 288765FC0DF74451002DB57D /* CoreGraphics.framework */; };
		5326AEA810A23A0500278DE6 /* CoreLocation.framework in Frameworks */ = {isa = PBXBuildFile; fileRef = 5326AEA710A23A0500278DE6 /* CoreLocation.framework */; };
		53F323EB10A20EDB00E0DAE4 /* OpenAL.framework in Frameworks */ = {isa = PBXBuildFile; fileRef = 53F323EA10A20EDB00E0DAE4 /* OpenAL.framework */; };
		BB16EBD20F2B2A9500518274 /* OpenGLES.framework in Frameworks */ = {isa = PBXBuildFile; fileRef = BB16EBD10F2B2A9500518274 /* OpenGLES.framework */; };
		BB16EBD90F2B2AB500518274 /* QuartzCore.framework in Frameworks */ = {isa = PBXBuildFile; fileRef = BB16EBD80F2B2AB500518274 /* QuartzCore.framework */; };
		BB24DDCA10DA781C00E9C588 /* ofxiphone-Info.plist in Resources */ = {isa = PBXBuildFile; fileRef = BB24DDC910DA781C00E9C588 /* ofxiphone-Info.plist */; };
		BBE5EAB80F49AD8400F28951 /* AudioToolbox.framework in Frameworks */ = {isa = PBXBuildFile; fileRef = BBE5EAB70F49AD8400F28951 /* AudioToolbox.framework */; };
		E41D3ED713B38FB500A75A5D /* Project.xcconfig in Resources */ = {isa = PBXBuildFile; fileRef = E41D3ED613B38FB500A75A5D /* Project.xcconfig */; };
		E41D3EE613B3906D00A75A5D /* CoreOF.xcconfig in Resources */ = {isa = PBXBuildFile; fileRef = E41D3EE513B3906D00A75A5D /* CoreOF.xcconfig */; };
		E41D400B13B39D2100A75A5D /* AVFoundation.framework in Frameworks */ = {isa = PBXBuildFile; fileRef = E41D400613B39D2100A75A5D /* AVFoundation.framework */; };
		E41D400C13B39D2100A75A5D /* CoreMedia.framework in Frameworks */ = {isa = PBXBuildFile; fileRef = E41D400713B39D2100A75A5D /* CoreMedia.framework */; };
		E41D400D13B39D2100A75A5D /* CoreVideo.framework in Frameworks */ = {isa = PBXBuildFile; fileRef = E41D400813B39D2100A75A5D /* CoreVideo.framework */; };
		E41D400E13B39D2100A75A5D /* MapKit.framework in Frameworks */ = {isa = PBXBuildFile; fileRef = E41D400913B39D2100A75A5D /* MapKit.framework */; };
		E41D421413B3A95300A75A5D /* libofxiPhone_iphoneos_Debug.a in Frameworks */ = {isa = PBXBuildFile; fileRef = E41D410213B3A0D800A75A5D /* libofxiPhone_iphoneos_Debug.a */; };
		E4A823A412561BE3002F86A2 /* CoreGraphics.framework in Frameworks */ = {isa = PBXBuildFile; fileRef = E4A823A312561BE3002F86A2 /* CoreGraphics.framework */; };
		E4D8936E11527B74007E1F53 /* main.mm in Sources */ = {isa = PBXBuildFile; fileRef = E4D8936B11527B74007E1F53 /* main.mm */; };
		E4D8936F11527B74007E1F53 /* testApp.mm in Sources */ = {isa = PBXBuildFile; fileRef = E4D8936D11527B74007E1F53 /* testApp.mm */; };
		FA09B812178709CC00142FF6 /* slashScreen.cpp in Sources */ = {isa = PBXBuildFile; fileRef = FA09B810178709CC00142FF6 /* slashScreen.cpp */; };
		FA140A8B17A662C0004B1445 /* uberKilled.cpp in Sources */ = {isa = PBXBuildFile; fileRef = FA140A8917A662C0004B1445 /* uberKilled.cpp */; };
		FA1750921796B5C800C4BD8E /* boundaryChangeFlash.cpp in Sources */ = {isa = PBXBuildFile; fileRef = FA1750901796B5C800C4BD8E /* boundaryChangeFlash.cpp */; };
		FA17B60017AA612B00920C04 /* ComboBroken.cpp in Sources */ = {isa = PBXBuildFile; fileRef = FA17B5FE17AA612B00920C04 /* ComboBroken.cpp */; };
		FA17B60617AA6FD900920C04 /* TextOnSceen.cpp in Sources */ = {isa = PBXBuildFile; fileRef = FA17B60417AA6FD800920C04 /* TextOnSceen.cpp */; };
		FA1FAEB017BD09B70073DF13 /* HighScore.cpp in Sources */ = {isa = PBXBuildFile; fileRef = FA1FAEAE17BD09B70073DF13 /* HighScore.cpp */; };
		FA40C1CD179844C300C79A57 /* SwordSwipe.cpp in Sources */ = {isa = PBXBuildFile; fileRef = FA40C1CB179844C300C79A57 /* SwordSwipe.cpp */; };
		FA5C81A61785980C0049021E /* enemyObjectPool.cpp in Sources */ = {isa = PBXBuildFile; fileRef = FA5C81A41785980C0049021E /* enemyObjectPool.cpp */; };
		FA6C4F011781D5FF00A8784D /* GUI.cpp in Sources */ = {isa = PBXBuildFile; fileRef = FA6C4EF61781D5FF00A8784D /* GUI.cpp */; };
		FA6C4F021781D5FF00A8784D /* MediaPickerView.mm in Sources */ = {isa = PBXBuildFile; fileRef = FA6C4EF91781D5FF00A8784D /* MediaPickerView.mm */; };
		FA6C4F031781D5FF00A8784D /* mediaPickerView.xib in Resources */ = {isa = PBXBuildFile; fileRef = FA6C4EFA1781D5FF00A8784D /* mediaPickerView.xib */; };
		FA6C4F041781D5FF00A8784D /* mediaStreamer.mm in Sources */ = {isa = PBXBuildFile; fileRef = FA6C4EFC1781D5FF00A8784D /* mediaStreamer.mm */; };
		FA6C4F051781D5FF00A8784D /* mfccIm.cpp in Sources */ = {isa = PBXBuildFile; fileRef = FA6C4EFD1781D5FF00A8784D /* mfccIm.cpp */; };
		FA6C4F061781D5FF00A8784D /* simulatorMediaStreamer.mm in Sources */ = {isa = PBXBuildFile; fileRef = FA6C4F001781D5FF00A8784D /* simulatorMediaStreamer.mm */; };
		FA6C4F101781DA4500A8784D /* MediaPlayer.framework in Frameworks */ = {isa = PBXBuildFile; fileRef = FA6C4F0F1781DA4500A8784D /* MediaPlayer.framework */; };
		FA8292DF178EFA4B007AC2F1 /* enemyTextureAssign.cpp in Sources */ = {isa = PBXBuildFile; fileRef = FA8292DD178EFA4B007AC2F1 /* enemyTextureAssign.cpp */; };
		FA8292E2178F0612007AC2F1 /* background.cpp in Sources */ = {isa = PBXBuildFile; fileRef = FA8292E0178F0611007AC2F1 /* background.cpp */; };
		FA9D5EF817A018C100F35CBC /* enemy.cpp in Sources */ = {isa = PBXBuildFile; fileRef = FA9D5EF617A018C100F35CBC /* enemy.cpp */; };
		FAA5BE9C176F4E5900C3998D /* particleEmitter.cpp in Sources */ = {isa = PBXBuildFile; fileRef = FAA5BE98176F4E5900C3998D /* particleEmitter.cpp */; };
		FAA5BE9D176F4E5900C3998D /* particles.cpp in Sources */ = {isa = PBXBuildFile; fileRef = FAA5BE9A176F4E5900C3998D /* particles.cpp */; };
		FABE1B6017B0FF1800B986E0 /* Icon.png in Resources */ = {isa = PBXBuildFile; fileRef = FABE1B5F17B0FF1800B986E0 /* Icon.png */; };
		FABE1B6317B1042D00B986E0 /* DecideWaitTime.cpp in Sources */ = {isa = PBXBuildFile; fileRef = FABE1B6117B1042D00B986E0 /* DecideWaitTime.cpp */; };
		FABE1B6617B1176A00B986E0 /* CountIn.cpp in Sources */ = {isa = PBXBuildFile; fileRef = FABE1B6417B1176A00B986E0 /* CountIn.cpp */; };
		FAF0499B1765E8F30054D2EA /* install.xml in Resources */ = {isa = PBXBuildFile; fileRef = FAF0495E1765E8F30054D2EA /* install.xml */; };
		FAF0499C1765E8F30054D2EA /* fft.cpp in Sources */ = {isa = PBXBuildFile; fileRef = FAF049601765E8F30054D2EA /* fft.cpp */; };
		FAF0499D1765E8F30054D2EA /* maxiAtoms.cpp in Sources */ = {isa = PBXBuildFile; fileRef = FAF049621765E8F30054D2EA /* maxiAtoms.cpp */; };
		FAF0499E1765E8F30054D2EA /* maxiFFT.cpp in Sources */ = {isa = PBXBuildFile; fileRef = FAF049641765E8F30054D2EA /* maxiFFT.cpp */; };
		FAF0499F1765E8F30054D2EA /* maxiGrains.cpp in Sources */ = {isa = PBXBuildFile; fileRef = FAF049661765E8F30054D2EA /* maxiGrains.cpp */; };
		FAF049A01765E8F30054D2EA /* maxiMFCC.cpp in Sources */ = {isa = PBXBuildFile; fileRef = FAF049681765E8F30054D2EA /* maxiMFCC.cpp */; };
		FAF049A11765E8F30054D2EA /* maximilian.cpp in Sources */ = {isa = PBXBuildFile; fileRef = FAF0496A1765E8F30054D2EA /* maximilian.cpp */; };
		FAF049A21765E8F30054D2EA /* stb_vorbis.c in Sources */ = {isa = PBXBuildFile; fileRef = FAF0496D1765E8F30054D2EA /* stb_vorbis.c */; };
		FAF049A31765E8F30054D2EA /* install.xml in Resources */ = {isa = PBXBuildFile; fileRef = FAF049721765E8F30054D2EA /* install.xml */; };
		FAF049A41765E8F30054D2EA /* IpEndpointName.cpp in Sources */ = {isa = PBXBuildFile; fileRef = FAF049771765E8F30054D2EA /* IpEndpointName.cpp */; };
		FAF049A51765E8F30054D2EA /* NetworkingUtils.cpp in Sources */ = {isa = PBXBuildFile; fileRef = FAF0497C1765E8F30054D2EA /* NetworkingUtils.cpp */; };
		FAF049A61765E8F30054D2EA /* UdpSocket.cpp in Sources */ = {isa = PBXBuildFile; fileRef = FAF0497D1765E8F30054D2EA /* UdpSocket.cpp */; };
		FAF049A71765E8F30054D2EA /* NetworkingUtilsWin.cpp in Sources */ = {isa = PBXBuildFile; fileRef = FAF049811765E8F30054D2EA /* NetworkingUtilsWin.cpp */; };
		FAF049A81765E8F30054D2EA /* UdpSocketWin.cpp in Sources */ = {isa = PBXBuildFile; fileRef = FAF049821765E8F30054D2EA /* UdpSocketWin.cpp */; };
		FAF049A91765E8F30054D2EA /* OscOutboundPacketStream.cpp in Sources */ = {isa = PBXBuildFile; fileRef = FAF049871765E8F30054D2EA /* OscOutboundPacketStream.cpp */; };
		FAF049AA1765E8F30054D2EA /* OscPrintReceivedElements.cpp in Sources */ = {isa = PBXBuildFile; fileRef = FAF0498A1765E8F30054D2EA /* OscPrintReceivedElements.cpp */; };
		FAF049AB1765E8F30054D2EA /* OscReceivedElements.cpp in Sources */ = {isa = PBXBuildFile; fileRef = FAF0498C1765E8F30054D2EA /* OscReceivedElements.cpp */; };
		FAF049AC1765E8F30054D2EA /* OscTypes.cpp in Sources */ = {isa = PBXBuildFile; fileRef = FAF0498E1765E8F30054D2EA /* OscTypes.cpp */; };
		FAF049AD1765E8F30054D2EA /* ofxOscBundle.cpp in Sources */ = {isa = PBXBuildFile; fileRef = FAF049931765E8F30054D2EA /* ofxOscBundle.cpp */; };
		FAF049AE1765E8F30054D2EA /* ofxOscMessage.cpp in Sources */ = {isa = PBXBuildFile; fileRef = FAF049951765E8F30054D2EA /* ofxOscMessage.cpp */; };
		FAF049AF1765E8F30054D2EA /* ofxOscReceiver.cpp in Sources */ = {isa = PBXBuildFile; fileRef = FAF049971765E8F30054D2EA /* ofxOscReceiver.cpp */; };
		FAF049B01765E8F30054D2EA /* ofxOscSender.cpp in Sources */ = {isa = PBXBuildFile; fileRef = FAF049991765E8F30054D2EA /* ofxOscSender.cpp */; };
		FAF049B61765ECD90054D2EA /* Accelerate.framework in Frameworks */ = {isa = PBXBuildFile; fileRef = FAF049B51765ECD90054D2EA /* Accelerate.framework */; };
		FAF04A1C1765EECB0054D2EA /* basicTrigger.cpp in Sources */ = {isa = PBXBuildFile; fileRef = FAF049B81765EECA0054D2EA /* basicTrigger.cpp */; };
		FAF04A1D1765EECB0054D2EA /* beatDetector.cpp in Sources */ = {isa = PBXBuildFile; fileRef = FAF049BA1765EECA0054D2EA /* beatDetector.cpp */; };
		FAF04A1E1765EECB0054D2EA /* beatModel.cpp in Sources */ = {isa = PBXBuildFile; fileRef = FAF049BC1765EECA0054D2EA /* beatModel.cpp */; };
		FAF04A1F1765EECB0054D2EA /* beats.cpp in Sources */ = {isa = PBXBuildFile; fileRef = FAF049BE1765EECB0054D2EA /* beats.cpp */; };
		FAF04A201765EECB0054D2EA /* boundarySegmentation.cpp in Sources */ = {isa = PBXBuildFile; fileRef = FAF049C01765EECB0054D2EA /* boundarySegmentation.cpp */; };
		FAF04A211765EECB0054D2EA /* btAlignedAllocator.cpp in Sources */ = {isa = PBXBuildFile; fileRef = FAF049C21765EECB0054D2EA /* btAlignedAllocator.cpp */; };
		FAF04A221765EECB0054D2EA /* debugGraph.cpp in Sources */ = {isa = PBXBuildFile; fileRef = FAF049C61765EECB0054D2EA /* debugGraph.cpp */; };
		FAF04A241765EECB0054D2EA /* Hero.cpp in Sources */ = {isa = PBXBuildFile; fileRef = FAF049CB1765EECB0054D2EA /* Hero.cpp */; };
		FAF04A591765EED80054D2EA /* medianFilter.cpp in Sources */ = {isa = PBXBuildFile; fileRef = FAF04A4A1765EED80054D2EA /* medianFilter.cpp */; };
		FAF04A5A1765EED80054D2EA /* medianTrigger.cpp in Sources */ = {isa = PBXBuildFile; fileRef = FAF04A4C1765EED80054D2EA /* medianTrigger.cpp */; };
		FAF04A5B1765EED80054D2EA /* movingAverage.cpp in Sources */ = {isa = PBXBuildFile; fileRef = FAF04A4E1765EED80054D2EA /* movingAverage.cpp */; };
		FAF04A5C1765EED80054D2EA /* movingRMS.cpp in Sources */ = {isa = PBXBuildFile; fileRef = FAF04A501765EED80054D2EA /* movingRMS.cpp */; };
		FAF04A5D1765EED80054D2EA /* pyOSCDebug.cpp in Sources */ = {isa = PBXBuildFile; fileRef = FAF04A531765EED80054D2EA /* pyOSCDebug.cpp */; };
		FAF04A5E1765EED80054D2EA /* RangeLines.cpp in Sources */ = {isa = PBXBuildFile; fileRef = FAF04A551765EED80054D2EA /* RangeLines.cpp */; };
		FAF04A5F1765EED80054D2EA /* sequentialKMeans.cpp in Sources */ = {isa = PBXBuildFile; fileRef = FAF04A571765EED80054D2EA /* sequentialKMeans.cpp */; };
/* End PBXBuildFile section */

/* Begin PBXContainerItemProxy section */
		E41D410113B3A0D800A75A5D /* PBXContainerItemProxy */ = {
			isa = PBXContainerItemProxy;
			containerPortal = E41D40FD13B3A0D800A75A5D /* iOS+OFLib.xcodeproj */;
			proxyType = 2;
			remoteGlobalIDString = BB24DED610DA7A3F00E9C588;
			remoteInfo = "iPhone+OF Static Library";
		};
		E41D410313B3A11300A75A5D /* PBXContainerItemProxy */ = {
			isa = PBXContainerItemProxy;
			containerPortal = E41D40FD13B3A0D800A75A5D /* iOS+OFLib.xcodeproj */;
			proxyType = 1;
			remoteGlobalIDString = BB24DE5C10DA7A3F00E9C588;
			remoteInfo = "iPhone+OF Static Library";
		};
/* End PBXContainerItemProxy section */

/* Begin PBXFileReference section */
		1D30AB110D05D00D00671497 /* Foundation.framework */ = {isa = PBXFileReference; lastKnownFileType = wrapper.framework; name = Foundation.framework; path = System/Library/Frameworks/Foundation.framework; sourceTree = SDKROOT; };
		1D6058910D05DD3D006BFB54 /* TapTapNinja.app */ = {isa = PBXFileReference; explicitFileType = wrapper.application; includeInIndex = 0; path = TapTapNinja.app; sourceTree = BUILT_PRODUCTS_DIR; };
		1DF5F4DF0D08C38300B7A737 /* UIKit.framework */ = {isa = PBXFileReference; lastKnownFileType = wrapper.framework; name = UIKit.framework; path = System/Library/Frameworks/UIKit.framework; sourceTree = SDKROOT; };
		288765FC0DF74451002DB57D /* CoreGraphics.framework */ = {isa = PBXFileReference; lastKnownFileType = wrapper.framework; name = CoreGraphics.framework; path = System/Library/Frameworks/CoreGraphics.framework; sourceTree = SDKROOT; };
		32CA4F630368D1EE00C91783 /* iPhone_Prefix.pch */ = {isa = PBXFileReference; fileEncoding = 4; lastKnownFileType = sourcecode.c.h; path = iPhone_Prefix.pch; sourceTree = "<group>"; };
		5326AEA710A23A0500278DE6 /* CoreLocation.framework */ = {isa = PBXFileReference; lastKnownFileType = wrapper.framework; name = CoreLocation.framework; path = System/Library/Frameworks/CoreLocation.framework; sourceTree = SDKROOT; };
		53F323EA10A20EDB00E0DAE4 /* OpenAL.framework */ = {isa = PBXFileReference; lastKnownFileType = wrapper.framework; name = OpenAL.framework; path = System/Library/Frameworks/OpenAL.framework; sourceTree = SDKROOT; };
		BB16EBD10F2B2A9500518274 /* OpenGLES.framework */ = {isa = PBXFileReference; lastKnownFileType = wrapper.framework; name = OpenGLES.framework; path = System/Library/Frameworks/OpenGLES.framework; sourceTree = SDKROOT; };
		BB16EBD80F2B2AB500518274 /* QuartzCore.framework */ = {isa = PBXFileReference; lastKnownFileType = wrapper.framework; name = QuartzCore.framework; path = System/Library/Frameworks/QuartzCore.framework; sourceTree = SDKROOT; };
		BB24DDC910DA781C00E9C588 /* ofxiphone-Info.plist */ = {isa = PBXFileReference; fileEncoding = 4; lastKnownFileType = text.plist.xml; path = "ofxiphone-Info.plist"; sourceTree = "<group>"; };
		BBE5EAB70F49AD8400F28951 /* AudioToolbox.framework */ = {isa = PBXFileReference; lastKnownFileType = wrapper.framework; name = AudioToolbox.framework; path = System/Library/Frameworks/AudioToolbox.framework; sourceTree = SDKROOT; };
		E41D3ED613B38FB500A75A5D /* Project.xcconfig */ = {isa = PBXFileReference; fileEncoding = 4; lastKnownFileType = text.xcconfig; path = Project.xcconfig; sourceTree = "<group>"; };
		E41D3EE513B3906D00A75A5D /* CoreOF.xcconfig */ = {isa = PBXFileReference; fileEncoding = 4; lastKnownFileType = text.xcconfig; name = CoreOF.xcconfig; path = ../../../libs/openFrameworksCompiled/project/ios/CoreOF.xcconfig; sourceTree = SOURCE_ROOT; };
		E41D400613B39D2100A75A5D /* AVFoundation.framework */ = {isa = PBXFileReference; lastKnownFileType = wrapper.framework; name = AVFoundation.framework; path = System/Library/Frameworks/AVFoundation.framework; sourceTree = SDKROOT; };
		E41D400713B39D2100A75A5D /* CoreMedia.framework */ = {isa = PBXFileReference; lastKnownFileType = wrapper.framework; name = CoreMedia.framework; path = System/Library/Frameworks/CoreMedia.framework; sourceTree = SDKROOT; };
		E41D400813B39D2100A75A5D /* CoreVideo.framework */ = {isa = PBXFileReference; lastKnownFileType = wrapper.framework; name = CoreVideo.framework; path = System/Library/Frameworks/CoreVideo.framework; sourceTree = SDKROOT; };
		E41D400913B39D2100A75A5D /* MapKit.framework */ = {isa = PBXFileReference; lastKnownFileType = wrapper.framework; name = MapKit.framework; path = System/Library/Frameworks/MapKit.framework; sourceTree = SDKROOT; };
		E41D40FD13B3A0D800A75A5D /* iOS+OFLib.xcodeproj */ = {isa = PBXFileReference; lastKnownFileType = "wrapper.pb-project"; name = "iOS+OFLib.xcodeproj"; path = "../../../libs/openFrameworksCompiled/project/ios/iOS+OFLib.xcodeproj"; sourceTree = SOURCE_ROOT; };
		E4A823A312561BE3002F86A2 /* CoreGraphics.framework */ = {isa = PBXFileReference; lastKnownFileType = wrapper.framework; name = CoreGraphics.framework; path = System/Library/Frameworks/CoreGraphics.framework; sourceTree = SDKROOT; };
		E4D8936B11527B74007E1F53 /* main.mm */ = {isa = PBXFileReference; fileEncoding = 4; lastKnownFileType = sourcecode.cpp.objcpp; name = main.mm; path = src/main.mm; sourceTree = SOURCE_ROOT; };
		E4D8936C11527B74007E1F53 /* testApp.h */ = {isa = PBXFileReference; fileEncoding = 4; lastKnownFileType = sourcecode.c.h; name = testApp.h; path = src/testApp.h; sourceTree = SOURCE_ROOT; };
		E4D8936D11527B74007E1F53 /* testApp.mm */ = {isa = PBXFileReference; fileEncoding = 4; lastKnownFileType = sourcecode.cpp.objcpp; name = testApp.mm; path = src/testApp.mm; sourceTree = SOURCE_ROOT; };
		FA09B810178709CC00142FF6 /* slashScreen.cpp */ = {isa = PBXFileReference; fileEncoding = 4; lastKnownFileType = sourcecode.cpp.cpp; path = slashScreen.cpp; sourceTree = "<group>"; };
		FA09B811178709CC00142FF6 /* slashScreen.h */ = {isa = PBXFileReference; fileEncoding = 4; lastKnownFileType = sourcecode.c.h; path = slashScreen.h; sourceTree = "<group>"; };
		FA0ED5FA17833EEB001BBD26 /* particleEmitter.cpp */ = {isa = PBXFileReference; lastKnownFileType = sourcecode.cpp.cpp; name = particleEmitter.cpp; path = src/particleEmitter.cpp; sourceTree = "<group>"; };
		FA140A8917A662C0004B1445 /* uberKilled.cpp */ = {isa = PBXFileReference; fileEncoding = 4; lastKnownFileType = sourcecode.cpp.cpp; path = uberKilled.cpp; sourceTree = "<group>"; };
		FA140A8A17A662C0004B1445 /* uberKilled.h */ = {isa = PBXFileReference; fileEncoding = 4; lastKnownFileType = sourcecode.c.h; path = uberKilled.h; sourceTree = "<group>"; };
		FA1750901796B5C800C4BD8E /* boundaryChangeFlash.cpp */ = {isa = PBXFileReference; fileEncoding = 4; lastKnownFileType = sourcecode.cpp.cpp; path = boundaryChangeFlash.cpp; sourceTree = "<group>"; };
		FA1750911796B5C800C4BD8E /* boundaryChangeFlash.h */ = {isa = PBXFileReference; fileEncoding = 4; lastKnownFileType = sourcecode.c.h; path = boundaryChangeFlash.h; sourceTree = "<group>"; };
		FA17B5FE17AA612B00920C04 /* ComboBroken.cpp */ = {isa = PBXFileReference; fileEncoding = 4; lastKnownFileType = sourcecode.cpp.cpp; path = ComboBroken.cpp; sourceTree = "<group>"; };
		FA17B5FF17AA612B00920C04 /* ComboBroken.h */ = {isa = PBXFileReference; fileEncoding = 4; lastKnownFileType = sourcecode.c.h; path = ComboBroken.h; sourceTree = "<group>"; };
		FA17B60417AA6FD800920C04 /* TextOnSceen.cpp */ = {isa = PBXFileReference; fileEncoding = 4; lastKnownFileType = sourcecode.cpp.cpp; path = TextOnSceen.cpp; sourceTree = "<group>"; };
		FA17B60517AA6FD900920C04 /* TextOnSceen.h */ = {isa = PBXFileReference; fileEncoding = 4; lastKnownFileType = sourcecode.c.h; path = TextOnSceen.h; sourceTree = "<group>"; };
		FA1FAEAE17BD09B70073DF13 /* HighScore.cpp */ = {isa = PBXFileReference; fileEncoding = 4; lastKnownFileType = sourcecode.cpp.cpp; path = HighScore.cpp; sourceTree = "<group>"; };
		FA1FAEAF17BD09B70073DF13 /* HighScore.h */ = {isa = PBXFileReference; fileEncoding = 4; lastKnownFileType = sourcecode.c.h; path = HighScore.h; sourceTree = "<group>"; };
		FA283FFF17C3889B009CB7BA /* TapTapNinja.entitlements */ = {isa = PBXFileReference; lastKnownFileType = text.xml; path = TapTapNinja.entitlements; sourceTree = "<group>"; };
		FA40C1CB179844C300C79A57 /* SwordSwipe.cpp */ = {isa = PBXFileReference; fileEncoding = 4; lastKnownFileType = sourcecode.cpp.cpp; path = SwordSwipe.cpp; sourceTree = "<group>"; };
		FA40C1CC179844C300C79A57 /* SwordSwipe.h */ = {isa = PBXFileReference; fileEncoding = 4; lastKnownFileType = sourcecode.c.h; path = SwordSwipe.h; sourceTree = "<group>"; };
		FA5C81A41785980C0049021E /* enemyObjectPool.cpp */ = {isa = PBXFileReference; fileEncoding = 4; lastKnownFileType = sourcecode.cpp.cpp; path = enemyObjectPool.cpp; sourceTree = "<group>"; };
		FA5C81A51785980C0049021E /* enemyObjectPool.h */ = {isa = PBXFileReference; fileEncoding = 4; lastKnownFileType = sourcecode.c.h; path = enemyObjectPool.h; sourceTree = "<group>"; };
		FA6C4EF41781D5FF00A8784D /* circularBuffer.h */ = {isa = PBXFileReference; fileEncoding = 4; lastKnownFileType = sourcecode.c.h; path = circularBuffer.h; sourceTree = "<group>"; };
		FA6C4EF51781D5FF00A8784D /* fifoBuffer.h */ = {isa = PBXFileReference; fileEncoding = 4; lastKnownFileType = sourcecode.c.h; path = fifoBuffer.h; sourceTree = "<group>"; };
		FA6C4EF61781D5FF00A8784D /* GUI.cpp */ = {isa = PBXFileReference; fileEncoding = 4; lastKnownFileType = sourcecode.cpp.cpp; path = GUI.cpp; sourceTree = "<group>"; };
		FA6C4EF71781D5FF00A8784D /* GUI.h */ = {isa = PBXFileReference; fileEncoding = 4; lastKnownFileType = sourcecode.c.h; path = GUI.h; sourceTree = "<group>"; };
		FA6C4EF81781D5FF00A8784D /* MediaPickerView.h */ = {isa = PBXFileReference; fileEncoding = 4; lastKnownFileType = sourcecode.c.h; path = MediaPickerView.h; sourceTree = "<group>"; };
		FA6C4EF91781D5FF00A8784D /* MediaPickerView.mm */ = {isa = PBXFileReference; fileEncoding = 4; lastKnownFileType = sourcecode.cpp.objcpp; path = MediaPickerView.mm; sourceTree = "<group>"; };
		FA6C4EFA1781D5FF00A8784D /* mediaPickerView.xib */ = {isa = PBXFileReference; fileEncoding = 4; lastKnownFileType = file.xib; path = mediaPickerView.xib; sourceTree = "<group>"; };
		FA6C4EFB1781D5FF00A8784D /* mediaStreamer.h */ = {isa = PBXFileReference; fileEncoding = 4; lastKnownFileType = sourcecode.c.h; path = mediaStreamer.h; sourceTree = "<group>"; };
		FA6C4EFC1781D5FF00A8784D /* mediaStreamer.mm */ = {isa = PBXFileReference; fileEncoding = 4; lastKnownFileType = sourcecode.cpp.objcpp; path = mediaStreamer.mm; sourceTree = "<group>"; };
		FA6C4EFD1781D5FF00A8784D /* mfccIm.cpp */ = {isa = PBXFileReference; fileEncoding = 4; lastKnownFileType = sourcecode.cpp.cpp; path = mfccIm.cpp; sourceTree = "<group>"; };
		FA6C4EFE1781D5FF00A8784D /* mfccIm.h */ = {isa = PBXFileReference; fileEncoding = 4; lastKnownFileType = sourcecode.c.h; path = mfccIm.h; sourceTree = "<group>"; };
		FA6C4EFF1781D5FF00A8784D /* simulatorMediaStreamer.h */ = {isa = PBXFileReference; fileEncoding = 4; lastKnownFileType = sourcecode.c.h; path = simulatorMediaStreamer.h; sourceTree = "<group>"; };
		FA6C4F001781D5FF00A8784D /* simulatorMediaStreamer.mm */ = {isa = PBXFileReference; fileEncoding = 4; lastKnownFileType = sourcecode.cpp.objcpp; path = simulatorMediaStreamer.mm; sourceTree = "<group>"; };
		FA6C4F071781D7A800A8784D /* GUI.cpp */ = {isa = PBXFileReference; lastKnownFileType = sourcecode.cpp.cpp; name = GUI.cpp; path = src/GUI.cpp; sourceTree = "<group>"; };
		FA6C4F091781D7A800A8784D /* mediaStreamer.mm */ = {isa = PBXFileReference; lastKnownFileType = sourcecode.cpp.objcpp; name = mediaStreamer.mm; path = src/mediaStreamer.mm; sourceTree = "<group>"; };
		FA6C4F0A1781D7A800A8784D /* mfccIm.cpp */ = {isa = PBXFileReference; lastKnownFileType = sourcecode.cpp.cpp; name = mfccIm.cpp; path = src/mfccIm.cpp; sourceTree = "<group>"; };
		FA6C4F0B1781D7A800A8784D /* simulatorMediaStreamer.mm */ = {isa = PBXFileReference; lastKnownFileType = sourcecode.cpp.objcpp; name = simulatorMediaStreamer.mm; path = src/simulatorMediaStreamer.mm; sourceTree = "<group>"; };
		FA6C4F0C1781D95200A8784D /* MediaPickerView.mm */ = {isa = PBXFileReference; lastKnownFileType = sourcecode.cpp.objcpp; name = MediaPickerView.mm; path = src/MediaPickerView.mm; sourceTree = "<group>"; };
		FA6C4F0F1781DA4500A8784D /* MediaPlayer.framework */ = {isa = PBXFileReference; lastKnownFileType = wrapper.framework; name = MediaPlayer.framework; path = System/Library/Frameworks/MediaPlayer.framework; sourceTree = SDKROOT; };
		FA8292DD178EFA4B007AC2F1 /* enemyTextureAssign.cpp */ = {isa = PBXFileReference; fileEncoding = 4; lastKnownFileType = sourcecode.cpp.cpp; path = enemyTextureAssign.cpp; sourceTree = "<group>"; };
		FA8292DE178EFA4B007AC2F1 /* enemyTextureAssign.h */ = {isa = PBXFileReference; fileEncoding = 4; lastKnownFileType = sourcecode.c.h; path = enemyTextureAssign.h; sourceTree = "<group>"; };
		FA8292E0178F0611007AC2F1 /* background.cpp */ = {isa = PBXFileReference; fileEncoding = 4; lastKnownFileType = sourcecode.cpp.cpp; path = background.cpp; sourceTree = "<group>"; };
		FA8292E1178F0611007AC2F1 /* background.h */ = {isa = PBXFileReference; fileEncoding = 4; lastKnownFileType = sourcecode.c.h; path = background.h; sourceTree = "<group>"; };
		FA9D5EF617A018C100F35CBC /* enemy.cpp */ = {isa = PBXFileReference; fileEncoding = 4; lastKnownFileType = sourcecode.cpp.cpp; path = enemy.cpp; sourceTree = "<group>"; };
		FA9D5EF717A018C100F35CBC /* enemy.h */ = {isa = PBXFileReference; fileEncoding = 4; lastKnownFileType = sourcecode.c.h; path = enemy.h; sourceTree = "<group>"; };
		FAA5BE98176F4E5900C3998D /* particleEmitter.cpp */ = {isa = PBXFileReference; fileEncoding = 4; lastKnownFileType = sourcecode.cpp.cpp; path = particleEmitter.cpp; sourceTree = "<group>"; };
		FAA5BE99176F4E5900C3998D /* particleEmitter.h */ = {isa = PBXFileReference; fileEncoding = 4; lastKnownFileType = sourcecode.c.h; path = particleEmitter.h; sourceTree = "<group>"; };
		FAA5BE9A176F4E5900C3998D /* particles.cpp */ = {isa = PBXFileReference; fileEncoding = 4; lastKnownFileType = sourcecode.cpp.cpp; path = particles.cpp; sourceTree = "<group>"; };
		FAA5BE9B176F4E5900C3998D /* particles.h */ = {isa = PBXFileReference; fileEncoding = 4; lastKnownFileType = sourcecode.c.h; path = particles.h; sourceTree = "<group>"; };
		FABE1B5F17B0FF1800B986E0 /* Icon.png */ = {isa = PBXFileReference; lastKnownFileType = image.png; path = Icon.png; sourceTree = "<group>"; };
		FABE1B6117B1042D00B986E0 /* DecideWaitTime.cpp */ = {isa = PBXFileReference; fileEncoding = 4; lastKnownFileType = sourcecode.cpp.cpp; path = DecideWaitTime.cpp; sourceTree = "<group>"; };
		FABE1B6217B1042D00B986E0 /* DecideWaitTime.h */ = {isa = PBXFileReference; fileEncoding = 4; lastKnownFileType = sourcecode.c.h; path = DecideWaitTime.h; sourceTree = "<group>"; };
		FABE1B6417B1176A00B986E0 /* CountIn.cpp */ = {isa = PBXFileReference; fileEncoding = 4; lastKnownFileType = sourcecode.cpp.cpp; path = CountIn.cpp; sourceTree = "<group>"; };
		FABE1B6517B1176A00B986E0 /* CountIn.h */ = {isa = PBXFileReference; fileEncoding = 4; lastKnownFileType = sourcecode.c.h; path = CountIn.h; sourceTree = "<group>"; };
		FAF0495E1765E8F30054D2EA /* install.xml */ = {isa = PBXFileReference; fileEncoding = 4; lastKnownFileType = text.xml; path = install.xml; sourceTree = "<group>"; };
		FAF049601765E8F30054D2EA /* fft.cpp */ = {isa = PBXFileReference; fileEncoding = 4; lastKnownFileType = sourcecode.cpp.cpp; path = fft.cpp; sourceTree = "<group>"; };
		FAF049611765E8F30054D2EA /* fft.h */ = {isa = PBXFileReference; fileEncoding = 4; lastKnownFileType = sourcecode.c.h; path = fft.h; sourceTree = "<group>"; };
		FAF049621765E8F30054D2EA /* maxiAtoms.cpp */ = {isa = PBXFileReference; fileEncoding = 4; lastKnownFileType = sourcecode.cpp.cpp; path = maxiAtoms.cpp; sourceTree = "<group>"; };
		FAF049631765E8F30054D2EA /* maxiAtoms.h */ = {isa = PBXFileReference; fileEncoding = 4; lastKnownFileType = sourcecode.c.h; path = maxiAtoms.h; sourceTree = "<group>"; };
		FAF049641765E8F30054D2EA /* maxiFFT.cpp */ = {isa = PBXFileReference; fileEncoding = 4; lastKnownFileType = sourcecode.cpp.cpp; path = maxiFFT.cpp; sourceTree = "<group>"; };
		FAF049651765E8F30054D2EA /* maxiFFT.h */ = {isa = PBXFileReference; fileEncoding = 4; lastKnownFileType = sourcecode.c.h; path = maxiFFT.h; sourceTree = "<group>"; };
		FAF049661765E8F30054D2EA /* maxiGrains.cpp */ = {isa = PBXFileReference; fileEncoding = 4; lastKnownFileType = sourcecode.cpp.cpp; path = maxiGrains.cpp; sourceTree = "<group>"; };
		FAF049671765E8F30054D2EA /* maxiGrains.h */ = {isa = PBXFileReference; fileEncoding = 4; lastKnownFileType = sourcecode.c.h; path = maxiGrains.h; sourceTree = "<group>"; };
		FAF049681765E8F30054D2EA /* maxiMFCC.cpp */ = {isa = PBXFileReference; fileEncoding = 4; lastKnownFileType = sourcecode.cpp.cpp; path = maxiMFCC.cpp; sourceTree = "<group>"; };
		FAF049691765E8F30054D2EA /* maxiMFCC.h */ = {isa = PBXFileReference; fileEncoding = 4; lastKnownFileType = sourcecode.c.h; path = maxiMFCC.h; sourceTree = "<group>"; };
		FAF0496A1765E8F30054D2EA /* maximilian.cpp */ = {isa = PBXFileReference; fileEncoding = 4; lastKnownFileType = sourcecode.cpp.cpp; path = maximilian.cpp; sourceTree = "<group>"; };
		FAF0496B1765E8F30054D2EA /* maximilian.h */ = {isa = PBXFileReference; fileEncoding = 4; lastKnownFileType = sourcecode.c.h; path = maximilian.h; sourceTree = "<group>"; };
		FAF0496C1765E8F30054D2EA /* sineTable.h */ = {isa = PBXFileReference; fileEncoding = 4; lastKnownFileType = sourcecode.c.h; path = sineTable.h; sourceTree = "<group>"; };
		FAF0496D1765E8F30054D2EA /* stb_vorbis.c */ = {isa = PBXFileReference; fileEncoding = 4; lastKnownFileType = sourcecode.c.c; path = stb_vorbis.c; sourceTree = "<group>"; };
		FAF0496E1765E8F30054D2EA /* stb_vorbis.h */ = {isa = PBXFileReference; fileEncoding = 4; lastKnownFileType = sourcecode.c.h; path = stb_vorbis.h; sourceTree = "<group>"; };
		FAF049701765E8F30054D2EA /* ofxMaxim.h */ = {isa = PBXFileReference; fileEncoding = 4; lastKnownFileType = sourcecode.c.h; path = ofxMaxim.h; sourceTree = "<group>"; };
		FAF049721765E8F30054D2EA /* install.xml */ = {isa = PBXFileReference; fileEncoding = 4; lastKnownFileType = text.xml; path = install.xml; sourceTree = "<group>"; };
		FAF049771765E8F30054D2EA /* IpEndpointName.cpp */ = {isa = PBXFileReference; fileEncoding = 4; lastKnownFileType = sourcecode.cpp.cpp; path = IpEndpointName.cpp; sourceTree = "<group>"; };
		FAF049781765E8F30054D2EA /* IpEndpointName.h */ = {isa = PBXFileReference; fileEncoding = 4; lastKnownFileType = sourcecode.c.h; path = IpEndpointName.h; sourceTree = "<group>"; };
		FAF049791765E8F30054D2EA /* NetworkingUtils.h */ = {isa = PBXFileReference; fileEncoding = 4; lastKnownFileType = sourcecode.c.h; path = NetworkingUtils.h; sourceTree = "<group>"; };
		FAF0497A1765E8F30054D2EA /* PacketListener.h */ = {isa = PBXFileReference; fileEncoding = 4; lastKnownFileType = sourcecode.c.h; path = PacketListener.h; sourceTree = "<group>"; };
		FAF0497C1765E8F30054D2EA /* NetworkingUtils.cpp */ = {isa = PBXFileReference; fileEncoding = 4; lastKnownFileType = sourcecode.cpp.cpp; path = NetworkingUtils.cpp; sourceTree = "<group>"; };
		FAF0497D1765E8F30054D2EA /* UdpSocket.cpp */ = {isa = PBXFileReference; fileEncoding = 4; lastKnownFileType = sourcecode.cpp.cpp; path = UdpSocket.cpp; sourceTree = "<group>"; };
		FAF0497E1765E8F30054D2EA /* TimerListener.h */ = {isa = PBXFileReference; fileEncoding = 4; lastKnownFileType = sourcecode.c.h; path = TimerListener.h; sourceTree = "<group>"; };
		FAF0497F1765E8F30054D2EA /* UdpSocket.h */ = {isa = PBXFileReference; fileEncoding = 4; lastKnownFileType = sourcecode.c.h; path = UdpSocket.h; sourceTree = "<group>"; };
		FAF049811765E8F30054D2EA /* NetworkingUtilsWin.cpp */ = {isa = PBXFileReference; fileEncoding = 4; lastKnownFileType = sourcecode.cpp.cpp; path = NetworkingUtilsWin.cpp; sourceTree = "<group>"; };
		FAF049821765E8F30054D2EA /* UdpSocketWin.cpp */ = {isa = PBXFileReference; fileEncoding = 4; lastKnownFileType = sourcecode.cpp.cpp; path = UdpSocketWin.cpp; sourceTree = "<group>"; };
		FAF049841765E8F30054D2EA /* MessageMappingOscPacketListener.h */ = {isa = PBXFileReference; fileEncoding = 4; lastKnownFileType = sourcecode.c.h; path = MessageMappingOscPacketListener.h; sourceTree = "<group>"; };
		FAF049851765E8F30054D2EA /* OscException.h */ = {isa = PBXFileReference; fileEncoding = 4; lastKnownFileType = sourcecode.c.h; path = OscException.h; sourceTree = "<group>"; };
		FAF049861765E8F30054D2EA /* OscHostEndianness.h */ = {isa = PBXFileReference; fileEncoding = 4; lastKnownFileType = sourcecode.c.h; path = OscHostEndianness.h; sourceTree = "<group>"; };
		FAF049871765E8F30054D2EA /* OscOutboundPacketStream.cpp */ = {isa = PBXFileReference; fileEncoding = 4; lastKnownFileType = sourcecode.cpp.cpp; path = OscOutboundPacketStream.cpp; sourceTree = "<group>"; };
		FAF049881765E8F30054D2EA /* OscOutboundPacketStream.h */ = {isa = PBXFileReference; fileEncoding = 4; lastKnownFileType = sourcecode.c.h; path = OscOutboundPacketStream.h; sourceTree = "<group>"; };
		FAF049891765E8F30054D2EA /* OscPacketListener.h */ = {isa = PBXFileReference; fileEncoding = 4; lastKnownFileType = sourcecode.c.h; path = OscPacketListener.h; sourceTree = "<group>"; };
		FAF0498A1765E8F30054D2EA /* OscPrintReceivedElements.cpp */ = {isa = PBXFileReference; fileEncoding = 4; lastKnownFileType = sourcecode.cpp.cpp; path = OscPrintReceivedElements.cpp; sourceTree = "<group>"; };
		FAF0498B1765E8F30054D2EA /* OscPrintReceivedElements.h */ = {isa = PBXFileReference; fileEncoding = 4; lastKnownFileType = sourcecode.c.h; path = OscPrintReceivedElements.h; sourceTree = "<group>"; };
		FAF0498C1765E8F30054D2EA /* OscReceivedElements.cpp */ = {isa = PBXFileReference; fileEncoding = 4; lastKnownFileType = sourcecode.cpp.cpp; path = OscReceivedElements.cpp; sourceTree = "<group>"; };
		FAF0498D1765E8F30054D2EA /* OscReceivedElements.h */ = {isa = PBXFileReference; fileEncoding = 4; lastKnownFileType = sourcecode.c.h; path = OscReceivedElements.h; sourceTree = "<group>"; };
		FAF0498E1765E8F30054D2EA /* OscTypes.cpp */ = {isa = PBXFileReference; fileEncoding = 4; lastKnownFileType = sourcecode.cpp.cpp; path = OscTypes.cpp; sourceTree = "<group>"; };
		FAF0498F1765E8F30054D2EA /* OscTypes.h */ = {isa = PBXFileReference; fileEncoding = 4; lastKnownFileType = sourcecode.c.h; path = OscTypes.h; sourceTree = "<group>"; };
		FAF049911765E8F30054D2EA /* ofxOsc.h */ = {isa = PBXFileReference; fileEncoding = 4; lastKnownFileType = sourcecode.c.h; path = ofxOsc.h; sourceTree = "<group>"; };
		FAF049921765E8F30054D2EA /* ofxOscArg.h */ = {isa = PBXFileReference; fileEncoding = 4; lastKnownFileType = sourcecode.c.h; path = ofxOscArg.h; sourceTree = "<group>"; };
		FAF049931765E8F30054D2EA /* ofxOscBundle.cpp */ = {isa = PBXFileReference; fileEncoding = 4; lastKnownFileType = sourcecode.cpp.cpp; path = ofxOscBundle.cpp; sourceTree = "<group>"; };
		FAF049941765E8F30054D2EA /* ofxOscBundle.h */ = {isa = PBXFileReference; fileEncoding = 4; lastKnownFileType = sourcecode.c.h; path = ofxOscBundle.h; sourceTree = "<group>"; };
		FAF049951765E8F30054D2EA /* ofxOscMessage.cpp */ = {isa = PBXFileReference; fileEncoding = 4; lastKnownFileType = sourcecode.cpp.cpp; path = ofxOscMessage.cpp; sourceTree = "<group>"; };
		FAF049961765E8F30054D2EA /* ofxOscMessage.h */ = {isa = PBXFileReference; fileEncoding = 4; lastKnownFileType = sourcecode.c.h; path = ofxOscMessage.h; sourceTree = "<group>"; };
		FAF049971765E8F30054D2EA /* ofxOscReceiver.cpp */ = {isa = PBXFileReference; fileEncoding = 4; lastKnownFileType = sourcecode.cpp.cpp; path = ofxOscReceiver.cpp; sourceTree = "<group>"; };
		FAF049981765E8F30054D2EA /* ofxOscReceiver.h */ = {isa = PBXFileReference; fileEncoding = 4; lastKnownFileType = sourcecode.c.h; path = ofxOscReceiver.h; sourceTree = "<group>"; };
		FAF049991765E8F30054D2EA /* ofxOscSender.cpp */ = {isa = PBXFileReference; fileEncoding = 4; lastKnownFileType = sourcecode.cpp.cpp; path = ofxOscSender.cpp; sourceTree = "<group>"; };
		FAF0499A1765E8F30054D2EA /* ofxOscSender.h */ = {isa = PBXFileReference; fileEncoding = 4; lastKnownFileType = sourcecode.c.h; path = ofxOscSender.h; sourceTree = "<group>"; };
		FAF049B31765EA290054D2EA /* QTKit.framework */ = {isa = PBXFileReference; lastKnownFileType = wrapper.framework; name = QTKit.framework; path = ../../../../../../../System/Library/Frameworks/QTKit.framework; sourceTree = "<group>"; };
		FAF049B51765ECD90054D2EA /* Accelerate.framework */ = {isa = PBXFileReference; lastKnownFileType = wrapper.framework; name = Accelerate.framework; path = System/Library/Frameworks/Accelerate.framework; sourceTree = SDKROOT; };
		FAF049B81765EECA0054D2EA /* basicTrigger.cpp */ = {isa = PBXFileReference; fileEncoding = 4; lastKnownFileType = sourcecode.cpp.cpp; path = basicTrigger.cpp; sourceTree = "<group>"; };
		FAF049B91765EECA0054D2EA /* basicTrigger.h */ = {isa = PBXFileReference; fileEncoding = 4; lastKnownFileType = sourcecode.c.h; path = basicTrigger.h; sourceTree = "<group>"; };
		FAF049BA1765EECA0054D2EA /* beatDetector.cpp */ = {isa = PBXFileReference; fileEncoding = 4; lastKnownFileType = sourcecode.cpp.cpp; path = beatDetector.cpp; sourceTree = "<group>"; };
		FAF049BB1765EECA0054D2EA /* beatDetector.h */ = {isa = PBXFileReference; fileEncoding = 4; lastKnownFileType = sourcecode.c.h; path = beatDetector.h; sourceTree = "<group>"; };
		FAF049BC1765EECA0054D2EA /* beatModel.cpp */ = {isa = PBXFileReference; fileEncoding = 4; lastKnownFileType = sourcecode.cpp.cpp; path = beatModel.cpp; sourceTree = "<group>"; };
		FAF049BD1765EECB0054D2EA /* beatModel.h */ = {isa = PBXFileReference; fileEncoding = 4; lastKnownFileType = sourcecode.c.h; path = beatModel.h; sourceTree = "<group>"; };
		FAF049BE1765EECB0054D2EA /* beats.cpp */ = {isa = PBXFileReference; fileEncoding = 4; lastKnownFileType = sourcecode.cpp.cpp; path = beats.cpp; sourceTree = "<group>"; };
		FAF049BF1765EECB0054D2EA /* beats.h */ = {isa = PBXFileReference; fileEncoding = 4; lastKnownFileType = sourcecode.c.h; path = beats.h; sourceTree = "<group>"; };
		FAF049C01765EECB0054D2EA /* boundarySegmentation.cpp */ = {isa = PBXFileReference; fileEncoding = 4; lastKnownFileType = sourcecode.cpp.cpp; path = boundarySegmentation.cpp; sourceTree = "<group>"; };
		FAF049C11765EECB0054D2EA /* boundarySegmentation.h */ = {isa = PBXFileReference; fileEncoding = 4; lastKnownFileType = sourcecode.c.h; path = boundarySegmentation.h; sourceTree = "<group>"; };
		FAF049C21765EECB0054D2EA /* btAlignedAllocator.cpp */ = {isa = PBXFileReference; fileEncoding = 4; lastKnownFileType = sourcecode.cpp.cpp; path = btAlignedAllocator.cpp; sourceTree = "<group>"; };
		FAF049C31765EECB0054D2EA /* btAlignedAllocator.h */ = {isa = PBXFileReference; fileEncoding = 4; lastKnownFileType = sourcecode.c.h; path = btAlignedAllocator.h; sourceTree = "<group>"; };
		FAF049C41765EECB0054D2EA /* btAlignedObjectArray.h */ = {isa = PBXFileReference; fileEncoding = 4; lastKnownFileType = sourcecode.c.h; path = btAlignedObjectArray.h; sourceTree = "<group>"; };
		FAF049C51765EECB0054D2EA /* btScalar.h */ = {isa = PBXFileReference; fileEncoding = 4; lastKnownFileType = sourcecode.c.h; path = btScalar.h; sourceTree = "<group>"; };
		FAF049C61765EECB0054D2EA /* debugGraph.cpp */ = {isa = PBXFileReference; fileEncoding = 4; lastKnownFileType = sourcecode.cpp.cpp; path = debugGraph.cpp; sourceTree = "<group>"; };
		FAF049C71765EECB0054D2EA /* debugGraph.h */ = {isa = PBXFileReference; fileEncoding = 4; lastKnownFileType = sourcecode.c.h; path = debugGraph.h; sourceTree = "<group>"; };
		FAF049CA1765EECB0054D2EA /* expMovingAverage.h */ = {isa = PBXFileReference; fileEncoding = 4; lastKnownFileType = sourcecode.c.h; path = expMovingAverage.h; sourceTree = "<group>"; };
		FAF049CB1765EECB0054D2EA /* Hero.cpp */ = {isa = PBXFileReference; fileEncoding = 4; lastKnownFileType = sourcecode.cpp.cpp; path = Hero.cpp; sourceTree = "<group>"; };
		FAF049CC1765EECB0054D2EA /* Hero.h */ = {isa = PBXFileReference; fileEncoding = 4; lastKnownFileType = sourcecode.c.h; path = Hero.h; sourceTree = "<group>"; };
		FAF04A4A1765EED80054D2EA /* medianFilter.cpp */ = {isa = PBXFileReference; fileEncoding = 4; lastKnownFileType = sourcecode.cpp.cpp; path = medianFilter.cpp; sourceTree = "<group>"; };
		FAF04A4B1765EED80054D2EA /* medianFilter.h */ = {isa = PBXFileReference; fileEncoding = 4; lastKnownFileType = sourcecode.c.h; path = medianFilter.h; sourceTree = "<group>"; };
		FAF04A4C1765EED80054D2EA /* medianTrigger.cpp */ = {isa = PBXFileReference; fileEncoding = 4; lastKnownFileType = sourcecode.cpp.cpp; path = medianTrigger.cpp; sourceTree = "<group>"; };
		FAF04A4D1765EED80054D2EA /* medianTrigger.h */ = {isa = PBXFileReference; fileEncoding = 4; lastKnownFileType = sourcecode.c.h; path = medianTrigger.h; sourceTree = "<group>"; };
		FAF04A4E1765EED80054D2EA /* movingAverage.cpp */ = {isa = PBXFileReference; fileEncoding = 4; lastKnownFileType = sourcecode.cpp.cpp; path = movingAverage.cpp; sourceTree = "<group>"; };
		FAF04A4F1765EED80054D2EA /* movingAverage.h */ = {isa = PBXFileReference; fileEncoding = 4; lastKnownFileType = sourcecode.c.h; path = movingAverage.h; sourceTree = "<group>"; };
		FAF04A501765EED80054D2EA /* movingRMS.cpp */ = {isa = PBXFileReference; fileEncoding = 4; lastKnownFileType = sourcecode.cpp.cpp; path = movingRMS.cpp; sourceTree = "<group>"; };
		FAF04A511765EED80054D2EA /* movingRMS.h */ = {isa = PBXFileReference; fileEncoding = 4; lastKnownFileType = sourcecode.c.h; path = movingRMS.h; sourceTree = "<group>"; };
		FAF04A521765EED80054D2EA /* ofxMaxim.h */ = {isa = PBXFileReference; fileEncoding = 4; lastKnownFileType = sourcecode.c.h; path = ofxMaxim.h; sourceTree = "<group>"; };
		FAF04A531765EED80054D2EA /* pyOSCDebug.cpp */ = {isa = PBXFileReference; fileEncoding = 4; lastKnownFileType = sourcecode.cpp.cpp; path = pyOSCDebug.cpp; sourceTree = "<group>"; };
		FAF04A541765EED80054D2EA /* pyOSCDebug.h */ = {isa = PBXFileReference; fileEncoding = 4; lastKnownFileType = sourcecode.c.h; path = pyOSCDebug.h; sourceTree = "<group>"; };
		FAF04A551765EED80054D2EA /* RangeLines.cpp */ = {isa = PBXFileReference; fileEncoding = 4; lastKnownFileType = sourcecode.cpp.cpp; path = RangeLines.cpp; sourceTree = "<group>"; };
		FAF04A561765EED80054D2EA /* RangeLines.h */ = {isa = PBXFileReference; fileEncoding = 4; lastKnownFileType = sourcecode.c.h; path = RangeLines.h; sourceTree = "<group>"; };
		FAF04A571765EED80054D2EA /* sequentialKMeans.cpp */ = {isa = PBXFileReference; fileEncoding = 4; lastKnownFileType = sourcecode.cpp.cpp; path = sequentialKMeans.cpp; sourceTree = "<group>"; };
		FAF04A581765EED80054D2EA /* sequentialKMeans.h */ = {isa = PBXFileReference; fileEncoding = 4; lastKnownFileType = sourcecode.c.h; path = sequentialKMeans.h; sourceTree = "<group>"; };
		FAF04A601765EEE20054D2EA /* vectorDelay.h */ = {isa = PBXFileReference; fileEncoding = 4; lastKnownFileType = sourcecode.c.h; path = vectorDelay.h; sourceTree = "<group>"; };
		FAF04A611765EEE20054D2EA /* vectorUtils.h */ = {isa = PBXFileReference; fileEncoding = 4; lastKnownFileType = sourcecode.c.h; path = vectorUtils.h; sourceTree = "<group>"; };
/* End PBXFileReference section */

/* Begin PBXFrameworksBuildPhase section */
		1D60588F0D05DD3D006BFB54 /* Frameworks */ = {
			isa = PBXFrameworksBuildPhase;
			buildActionMask = 2147483647;
			files = (
				FA6C4F101781DA4500A8784D /* MediaPlayer.framework in Frameworks */,
				E41D400C13B39D2100A75A5D /* CoreMedia.framework in Frameworks */,
				FAF049B61765ECD90054D2EA /* Accelerate.framework in Frameworks */,
				E41D421413B3A95300A75A5D /* libofxiPhone_iphoneos_Debug.a in Frameworks */,
				1D60589F0D05DD5A006BFB54 /* Foundation.framework in Frameworks */,
				1DF5F4E00D08C38300B7A737 /* UIKit.framework in Frameworks */,
				288765FD0DF74451002DB57D /* CoreGraphics.framework in Frameworks */,
				BB16EBD20F2B2A9500518274 /* OpenGLES.framework in Frameworks */,
				BB16EBD90F2B2AB500518274 /* QuartzCore.framework in Frameworks */,
				BBE5EAB80F49AD8400F28951 /* AudioToolbox.framework in Frameworks */,
				53F323EB10A20EDB00E0DAE4 /* OpenAL.framework in Frameworks */,
				5326AEA810A23A0500278DE6 /* CoreLocation.framework in Frameworks */,
				E4A823A412561BE3002F86A2 /* CoreGraphics.framework in Frameworks */,
				E41D400B13B39D2100A75A5D /* AVFoundation.framework in Frameworks */,
				E41D400D13B39D2100A75A5D /* CoreVideo.framework in Frameworks */,
				E41D400E13B39D2100A75A5D /* MapKit.framework in Frameworks */,
			);
			runOnlyForDeploymentPostprocessing = 0;
		};
/* End PBXFrameworksBuildPhase section */

/* Begin PBXGroup section */
		19C28FACFE9D520D11CA2CBB /* Products */ = {
			isa = PBXGroup;
			children = (
				1D6058910D05DD3D006BFB54 /* TapTapNinja.app */,
			);
			name = Products;
			sourceTree = "<group>";
		};
		29B97314FDCFA39411CA2CEA /* CustomTemplate */ = {
			isa = PBXGroup;
			children = (
				FA283FFF17C3889B009CB7BA /* TapTapNinja.entitlements */,
				FABE1B5F17B0FF1800B986E0 /* Icon.png */,
				FA0ED5FA17833EEB001BBD26 /* particleEmitter.cpp */,
				FA6C4F0F1781DA4500A8784D /* MediaPlayer.framework */,
				FA6C4F0C1781D95200A8784D /* MediaPickerView.mm */,
				FA6C4F071781D7A800A8784D /* GUI.cpp */,
				FA6C4F091781D7A800A8784D /* mediaStreamer.mm */,
				FA6C4F0A1781D7A800A8784D /* mfccIm.cpp */,
				FA6C4F0B1781D7A800A8784D /* simulatorMediaStreamer.mm */,
				FAF049B51765ECD90054D2EA /* Accelerate.framework */,
				FAF049B31765EA290054D2EA /* QTKit.framework */,
				E4D8936A11527B74007E1F53 /* src */,
				BB24E1F710DAA51900E9C588 /* openFrameworks */,
				BB16F26B0F2B646B00518274 /* addons */,
				BB16E9930F2B1E5900518274 /* libs */,
				19C28FACFE9D520D11CA2CBB /* Products */,
			);
			name = CustomTemplate;
			sourceTree = "<group>";
		};
		29B97323FDCFA39411CA2CEA /* core frameworks */ = {
			isa = PBXGroup;
			children = (
				E41D400613B39D2100A75A5D /* AVFoundation.framework */,
				E41D400713B39D2100A75A5D /* CoreMedia.framework */,
				E41D400813B39D2100A75A5D /* CoreVideo.framework */,
				E41D400913B39D2100A75A5D /* MapKit.framework */,
				53F323EA10A20EDB00E0DAE4 /* OpenAL.framework */,
				E4A823A312561BE3002F86A2 /* CoreGraphics.framework */,
				BBE5EAB70F49AD8400F28951 /* AudioToolbox.framework */,
				BB16EBD80F2B2AB500518274 /* QuartzCore.framework */,
				BB16EBD10F2B2A9500518274 /* OpenGLES.framework */,
				1DF5F4DF0D08C38300B7A737 /* UIKit.framework */,
				1D30AB110D05D00D00671497 /* Foundation.framework */,
				288765FC0DF74451002DB57D /* CoreGraphics.framework */,
				5326AEA710A23A0500278DE6 /* CoreLocation.framework */,
			);
			name = "core frameworks";
			sourceTree = "<group>";
		};
		BB16E9930F2B1E5900518274 /* libs */ = {
			isa = PBXGroup;
			children = (
				BBE5E94E0F497BD800F28951 /* core */,
			);
			name = libs;
			sourceTree = "<group>";
		};
		BB16F26B0F2B646B00518274 /* addons */ = {
			isa = PBXGroup;
			children = (
				FAF0495D1765E8F30054D2EA /* ofxMaxim */,
				FAF049711765E8F30054D2EA /* ofxOsc */,
			);
			name = addons;
			sourceTree = "<group>";
		};
		BB24E1F710DAA51900E9C588 /* openFrameworks */ = {
			isa = PBXGroup;
			children = (
				E41D40FD13B3A0D800A75A5D /* iOS+OFLib.xcodeproj */,
				32CA4F630368D1EE00C91783 /* iPhone_Prefix.pch */,
				BB24DDC910DA781C00E9C588 /* ofxiphone-Info.plist */,
				E41D3EE513B3906D00A75A5D /* CoreOF.xcconfig */,
				E41D3ED613B38FB500A75A5D /* Project.xcconfig */,
			);
			name = openFrameworks;
			sourceTree = "<group>";
		};
		BBE5E94E0F497BD800F28951 /* core */ = {
			isa = PBXGroup;
			children = (
				29B97323FDCFA39411CA2CEA /* core frameworks */,
			);
			name = core;
			sourceTree = "<group>";
		};
		E41D40FE13B3A0D800A75A5D /* Products */ = {
			isa = PBXGroup;
			children = (
				E41D410213B3A0D800A75A5D /* libofxiPhone_iphoneos_Debug.a */,
			);
			name = Products;
			sourceTree = "<group>";
		};
		E4D8936A11527B74007E1F53 /* src */ = {
			isa = PBXGroup;
			children = (
				FA6C4EF41781D5FF00A8784D /* circularBuffer.h */,
				FA6C4EF51781D5FF00A8784D /* fifoBuffer.h */,
				FA6C4EF61781D5FF00A8784D /* GUI.cpp */,
				FA6C4EF71781D5FF00A8784D /* GUI.h */,
				FA6C4EF81781D5FF00A8784D /* MediaPickerView.h */,
				FA6C4EF91781D5FF00A8784D /* MediaPickerView.mm */,
				FA6C4EFA1781D5FF00A8784D /* mediaPickerView.xib */,
				FA6C4EFB1781D5FF00A8784D /* mediaStreamer.h */,
				FA6C4EFC1781D5FF00A8784D /* mediaStreamer.mm */,
				FA6C4EFD1781D5FF00A8784D /* mfccIm.cpp */,
				FA6C4EFE1781D5FF00A8784D /* mfccIm.h */,
				FA6C4EFF1781D5FF00A8784D /* simulatorMediaStreamer.h */,
				FA6C4F001781D5FF00A8784D /* simulatorMediaStreamer.mm */,
				FAF04A601765EEE20054D2EA /* vectorDelay.h */,
				FAF04A611765EEE20054D2EA /* vectorUtils.h */,
				FAF04A4A1765EED80054D2EA /* medianFilter.cpp */,
				FAF04A4B1765EED80054D2EA /* medianFilter.h */,
				FAF04A4C1765EED80054D2EA /* medianTrigger.cpp */,
				FAF04A4D1765EED80054D2EA /* medianTrigger.h */,
				FAF04A4E1765EED80054D2EA /* movingAverage.cpp */,
				FAF04A4F1765EED80054D2EA /* movingAverage.h */,
				FAF04A501765EED80054D2EA /* movingRMS.cpp */,
				FAF04A511765EED80054D2EA /* movingRMS.h */,
				FAF04A521765EED80054D2EA /* ofxMaxim.h */,
				FAF04A531765EED80054D2EA /* pyOSCDebug.cpp */,
				FAF04A541765EED80054D2EA /* pyOSCDebug.h */,
				FAF04A571765EED80054D2EA /* sequentialKMeans.cpp */,
				FAF04A581765EED80054D2EA /* sequentialKMeans.h */,
				FAF049B81765EECA0054D2EA /* basicTrigger.cpp */,
				FAF049B91765EECA0054D2EA /* basicTrigger.h */,
				FAF049BA1765EECA0054D2EA /* beatDetector.cpp */,
				FAF049BB1765EECA0054D2EA /* beatDetector.h */,
				FAF049BC1765EECA0054D2EA /* beatModel.cpp */,
				FAF049BD1765EECB0054D2EA /* beatModel.h */,
				FAF049BE1765EECB0054D2EA /* beats.cpp */,
				FAF049BF1765EECB0054D2EA /* beats.h */,
				FAF049C01765EECB0054D2EA /* boundarySegmentation.cpp */,
				FAF049C11765EECB0054D2EA /* boundarySegmentation.h */,
				FAF049C21765EECB0054D2EA /* btAlignedAllocator.cpp */,
				FAF049C31765EECB0054D2EA /* btAlignedAllocator.h */,
				FAF049C41765EECB0054D2EA /* btAlignedObjectArray.h */,
				FAF049C51765EECB0054D2EA /* btScalar.h */,
				FAF049C61765EECB0054D2EA /* debugGraph.cpp */,
				FAF049C71765EECB0054D2EA /* debugGraph.h */,
				FAF049CA1765EECB0054D2EA /* expMovingAverage.h */,
				FAF04A551765EED80054D2EA /* RangeLines.cpp */,
				FAF04A561765EED80054D2EA /* RangeLines.h */,
				FAA5BE9A176F4E5900C3998D /* particles.cpp */,
				FAA5BE9B176F4E5900C3998D /* particles.h */,
				FAA5BE98176F4E5900C3998D /* particleEmitter.cpp */,
				FAA5BE99176F4E5900C3998D /* particleEmitter.h */,
				FA9D5EF617A018C100F35CBC /* enemy.cpp */,
				FA9D5EF717A018C100F35CBC /* enemy.h */,
				FA5C81A41785980C0049021E /* enemyObjectPool.cpp */,
				FA5C81A51785980C0049021E /* enemyObjectPool.h */,
				FAF049CB1765EECB0054D2EA /* Hero.cpp */,
				FAF049CC1765EECB0054D2EA /* Hero.h */,
				E4D8936B11527B74007E1F53 /* main.mm */,
				E4D8936D11527B74007E1F53 /* testApp.mm */,
				E4D8936C11527B74007E1F53 /* testApp.h */,
				FA09B810178709CC00142FF6 /* slashScreen.cpp */,
				FA09B811178709CC00142FF6 /* slashScreen.h */,
				FA8292DD178EFA4B007AC2F1 /* enemyTextureAssign.cpp */,
				FA8292DE178EFA4B007AC2F1 /* enemyTextureAssign.h */,
				FA8292E0178F0611007AC2F1 /* background.cpp */,
				FA8292E1178F0611007AC2F1 /* background.h */,
				FA1750901796B5C800C4BD8E /* boundaryChangeFlash.cpp */,
				FA1750911796B5C800C4BD8E /* boundaryChangeFlash.h */,
				FA40C1CB179844C300C79A57 /* SwordSwipe.cpp */,
				FA40C1CC179844C300C79A57 /* SwordSwipe.h */,
				FA140A8917A662C0004B1445 /* uberKilled.cpp */,
				FA140A8A17A662C0004B1445 /* uberKilled.h */,
				FA17B5FE17AA612B00920C04 /* ComboBroken.cpp */,
				FA17B5FF17AA612B00920C04 /* ComboBroken.h */,
				FA17B60417AA6FD800920C04 /* TextOnSceen.cpp */,
				FA17B60517AA6FD900920C04 /* TextOnSceen.h */,
				FABE1B6117B1042D00B986E0 /* DecideWaitTime.cpp */,
				FABE1B6217B1042D00B986E0 /* DecideWaitTime.h */,
				FABE1B6417B1176A00B986E0 /* CountIn.cpp */,
				FABE1B6517B1176A00B986E0 /* CountIn.h */,
				FA1FAEAE17BD09B70073DF13 /* HighScore.cpp */,
				FA1FAEAF17BD09B70073DF13 /* HighScore.h */,
			);
			path = src;
			sourceTree = SOURCE_ROOT;
		};
		FAF0495D1765E8F30054D2EA /* ofxMaxim */ = {
			isa = PBXGroup;
			children = (
				FAF0495E1765E8F30054D2EA /* install.xml */,
				FAF0495F1765E8F30054D2EA /* libs */,
				FAF0496F1765E8F30054D2EA /* src */,
			);
			path = ofxMaxim;
			sourceTree = "<group>";
		};
		FAF0495F1765E8F30054D2EA /* libs */ = {
			isa = PBXGroup;
			children = (
				FAF049601765E8F30054D2EA /* fft.cpp */,
				FAF049611765E8F30054D2EA /* fft.h */,
				FAF049621765E8F30054D2EA /* maxiAtoms.cpp */,
				FAF049631765E8F30054D2EA /* maxiAtoms.h */,
				FAF049641765E8F30054D2EA /* maxiFFT.cpp */,
				FAF049651765E8F30054D2EA /* maxiFFT.h */,
				FAF049661765E8F30054D2EA /* maxiGrains.cpp */,
				FAF049671765E8F30054D2EA /* maxiGrains.h */,
				FAF049681765E8F30054D2EA /* maxiMFCC.cpp */,
				FAF049691765E8F30054D2EA /* maxiMFCC.h */,
				FAF0496A1765E8F30054D2EA /* maximilian.cpp */,
				FAF0496B1765E8F30054D2EA /* maximilian.h */,
				FAF0496C1765E8F30054D2EA /* sineTable.h */,
				FAF0496D1765E8F30054D2EA /* stb_vorbis.c */,
				FAF0496E1765E8F30054D2EA /* stb_vorbis.h */,
			);
			path = libs;
			sourceTree = "<group>";
		};
		FAF0496F1765E8F30054D2EA /* src */ = {
			isa = PBXGroup;
			children = (
				FAF049701765E8F30054D2EA /* ofxMaxim.h */,
			);
			path = src;
			sourceTree = "<group>";
		};
		FAF049711765E8F30054D2EA /* ofxOsc */ = {
			isa = PBXGroup;
			children = (
				FAF049721765E8F30054D2EA /* install.xml */,
				FAF049731765E8F30054D2EA /* libs */,
				FAF049901765E8F30054D2EA /* src */,
			);
			path = ofxOsc;
			sourceTree = "<group>";
		};
		FAF049731765E8F30054D2EA /* libs */ = {
			isa = PBXGroup;
			children = (
				FAF049741765E8F30054D2EA /* oscpack */,
			);
			path = libs;
			sourceTree = "<group>";
		};
		FAF049741765E8F30054D2EA /* oscpack */ = {
			isa = PBXGroup;
			children = (
				FAF049751765E8F30054D2EA /* src */,
			);
			path = oscpack;
			sourceTree = "<group>";
		};
		FAF049751765E8F30054D2EA /* src */ = {
			isa = PBXGroup;
			children = (
				FAF049761765E8F30054D2EA /* ip */,
				FAF049831765E8F30054D2EA /* osc */,
			);
			path = src;
			sourceTree = "<group>";
		};
		FAF049761765E8F30054D2EA /* ip */ = {
			isa = PBXGroup;
			children = (
				FAF049771765E8F30054D2EA /* IpEndpointName.cpp */,
				FAF049781765E8F30054D2EA /* IpEndpointName.h */,
				FAF049791765E8F30054D2EA /* NetworkingUtils.h */,
				FAF0497A1765E8F30054D2EA /* PacketListener.h */,
				FAF0497B1765E8F30054D2EA /* posix */,
				FAF0497E1765E8F30054D2EA /* TimerListener.h */,
				FAF0497F1765E8F30054D2EA /* UdpSocket.h */,
				FAF049801765E8F30054D2EA /* win32 */,
			);
			path = ip;
			sourceTree = "<group>";
		};
		FAF0497B1765E8F30054D2EA /* posix */ = {
			isa = PBXGroup;
			children = (
				FAF0497C1765E8F30054D2EA /* NetworkingUtils.cpp */,
				FAF0497D1765E8F30054D2EA /* UdpSocket.cpp */,
			);
			path = posix;
			sourceTree = "<group>";
		};
		FAF049801765E8F30054D2EA /* win32 */ = {
			isa = PBXGroup;
			children = (
				FAF049811765E8F30054D2EA /* NetworkingUtilsWin.cpp */,
				FAF049821765E8F30054D2EA /* UdpSocketWin.cpp */,
			);
			path = win32;
			sourceTree = "<group>";
		};
		FAF049831765E8F30054D2EA /* osc */ = {
			isa = PBXGroup;
			children = (
				FAF049841765E8F30054D2EA /* MessageMappingOscPacketListener.h */,
				FAF049851765E8F30054D2EA /* OscException.h */,
				FAF049861765E8F30054D2EA /* OscHostEndianness.h */,
				FAF049871765E8F30054D2EA /* OscOutboundPacketStream.cpp */,
				FAF049881765E8F30054D2EA /* OscOutboundPacketStream.h */,
				FAF049891765E8F30054D2EA /* OscPacketListener.h */,
				FAF0498A1765E8F30054D2EA /* OscPrintReceivedElements.cpp */,
				FAF0498B1765E8F30054D2EA /* OscPrintReceivedElements.h */,
				FAF0498C1765E8F30054D2EA /* OscReceivedElements.cpp */,
				FAF0498D1765E8F30054D2EA /* OscReceivedElements.h */,
				FAF0498E1765E8F30054D2EA /* OscTypes.cpp */,
				FAF0498F1765E8F30054D2EA /* OscTypes.h */,
			);
			path = osc;
			sourceTree = "<group>";
		};
		FAF049901765E8F30054D2EA /* src */ = {
			isa = PBXGroup;
			children = (
				FAF049911765E8F30054D2EA /* ofxOsc.h */,
				FAF049921765E8F30054D2EA /* ofxOscArg.h */,
				FAF049931765E8F30054D2EA /* ofxOscBundle.cpp */,
				FAF049941765E8F30054D2EA /* ofxOscBundle.h */,
				FAF049951765E8F30054D2EA /* ofxOscMessage.cpp */,
				FAF049961765E8F30054D2EA /* ofxOscMessage.h */,
				FAF049971765E8F30054D2EA /* ofxOscReceiver.cpp */,
				FAF049981765E8F30054D2EA /* ofxOscReceiver.h */,
				FAF049991765E8F30054D2EA /* ofxOscSender.cpp */,
				FAF0499A1765E8F30054D2EA /* ofxOscSender.h */,
			);
			path = src;
			sourceTree = "<group>";
		};
/* End PBXGroup section */

/* Begin PBXNativeTarget section */
		1D6058900D05DD3D006BFB54 /* TapTapNinja */ = {
			isa = PBXNativeTarget;
			buildConfigurationList = 1D6058960D05DD3E006BFB54 /* Build configuration list for PBXNativeTarget "TapTapNinja" */;
			buildPhases = (
				1D60588D0D05DD3D006BFB54 /* Resources */,
				1D60588E0D05DD3D006BFB54 /* Sources */,
				1D60588F0D05DD3D006BFB54 /* Frameworks */,
				9255DD331112741900D6945E /* ShellScript */,
			);
			buildRules = (
			);
			dependencies = (
				E41D410413B3A11300A75A5D /* PBXTargetDependency */,
			);
			name = TapTapNinja;
			productName = iPhone;
			productReference = 1D6058910D05DD3D006BFB54 /* TapTapNinja.app */;
			productType = "com.apple.product-type.application";
		};
/* End PBXNativeTarget section */

/* Begin PBXProject section */
		29B97313FDCFA39411CA2CEA /* Project object */ = {
			isa = PBXProject;
			buildConfigurationList = C01FCF4E08A954540054247B /* Build configuration list for PBXProject "TapTapNinja" */;
			compatibilityVersion = "Xcode 3.1";
			developmentRegion = English;
			hasScannedForEncodings = 1;
			knownRegions = (
				English,
				Japanese,
				French,
				German,
			);
			mainGroup = 29B97314FDCFA39411CA2CEA /* CustomTemplate */;
			projectDirPath = "";
			projectReferences = (
				{
					ProductGroup = E41D40FE13B3A0D800A75A5D /* Products */;
					ProjectRef = E41D40FD13B3A0D800A75A5D /* iOS+OFLib.xcodeproj */;
				},
			);
			projectRoot = "";
			targets = (
				1D6058900D05DD3D006BFB54 /* TapTapNinja */,
			);
		};
/* End PBXProject section */

/* Begin PBXReferenceProxy section */
		E41D410213B3A0D800A75A5D /* libofxiPhone_iphoneos_Debug.a */ = {
			isa = PBXReferenceProxy;
			fileType = archive.ar;
			path = libofxiPhone_iphoneos_Debug.a;
			remoteRef = E41D410113B3A0D800A75A5D /* PBXContainerItemProxy */;
			sourceTree = BUILT_PRODUCTS_DIR;
		};
/* End PBXReferenceProxy section */

/* Begin PBXResourcesBuildPhase section */
		1D60588D0D05DD3D006BFB54 /* Resources */ = {
			isa = PBXResourcesBuildPhase;
			buildActionMask = 2147483647;
			files = (
				BB24DDCA10DA781C00E9C588 /* ofxiphone-Info.plist in Resources */,
				E41D3ED713B38FB500A75A5D /* Project.xcconfig in Resources */,
				E41D3EE613B3906D00A75A5D /* CoreOF.xcconfig in Resources */,
				FAF0499B1765E8F30054D2EA /* install.xml in Resources */,
				FAF049A31765E8F30054D2EA /* install.xml in Resources */,
				FA6C4F031781D5FF00A8784D /* mediaPickerView.xib in Resources */,
				FABE1B6017B0FF1800B986E0 /* Icon.png in Resources */,
			);
			runOnlyForDeploymentPostprocessing = 0;
		};
/* End PBXResourcesBuildPhase section */

/* Begin PBXShellScriptBuildPhase section */
		9255DD331112741900D6945E /* ShellScript */ = {
			isa = PBXShellScriptBuildPhase;
			buildActionMask = 2147483647;
			files = (
			);
			inputPaths = (
			);
			outputPaths = (
			);
			runOnlyForDeploymentPostprocessing = 0;
			shellPath = /bin/sh;
			shellScript = "cp -rf bin/data/ \"$TARGET_BUILD_DIR/$PRODUCT_NAME.app\"\n";
		};
/* End PBXShellScriptBuildPhase section */

/* Begin PBXSourcesBuildPhase section */
		1D60588E0D05DD3D006BFB54 /* Sources */ = {
			isa = PBXSourcesBuildPhase;
			buildActionMask = 2147483647;
			files = (
				E4D8936E11527B74007E1F53 /* main.mm in Sources */,
				E4D8936F11527B74007E1F53 /* testApp.mm in Sources */,
				FAF0499C1765E8F30054D2EA /* fft.cpp in Sources */,
				FAF0499D1765E8F30054D2EA /* maxiAtoms.cpp in Sources */,
				FAF0499E1765E8F30054D2EA /* maxiFFT.cpp in Sources */,
				FAF0499F1765E8F30054D2EA /* maxiGrains.cpp in Sources */,
				FAF049A01765E8F30054D2EA /* maxiMFCC.cpp in Sources */,
				FAF049A11765E8F30054D2EA /* maximilian.cpp in Sources */,
				FAF049A21765E8F30054D2EA /* stb_vorbis.c in Sources */,
				FAF049A41765E8F30054D2EA /* IpEndpointName.cpp in Sources */,
				FAF049A51765E8F30054D2EA /* NetworkingUtils.cpp in Sources */,
				FAF049A61765E8F30054D2EA /* UdpSocket.cpp in Sources */,
				FA6C4F021781D5FF00A8784D /* MediaPickerView.mm in Sources */,
				FAF049A71765E8F30054D2EA /* NetworkingUtilsWin.cpp in Sources */,
				FAF049A81765E8F30054D2EA /* UdpSocketWin.cpp in Sources */,
				FAF049A91765E8F30054D2EA /* OscOutboundPacketStream.cpp in Sources */,
				FAF049AA1765E8F30054D2EA /* OscPrintReceivedElements.cpp in Sources */,
				FAF049AB1765E8F30054D2EA /* OscReceivedElements.cpp in Sources */,
				FAF049AC1765E8F30054D2EA /* OscTypes.cpp in Sources */,
				FAF049AD1765E8F30054D2EA /* ofxOscBundle.cpp in Sources */,
				FAF049AE1765E8F30054D2EA /* ofxOscMessage.cpp in Sources */,
				FAF049AF1765E8F30054D2EA /* ofxOscReceiver.cpp in Sources */,
				FA6C4F011781D5FF00A8784D /* GUI.cpp in Sources */,
				FA6C4F041781D5FF00A8784D /* mediaStreamer.mm in Sources */,
				FA6C4F051781D5FF00A8784D /* mfccIm.cpp in Sources */,
				FA6C4F061781D5FF00A8784D /* simulatorMediaStreamer.mm in Sources */,
				FAF049B01765E8F30054D2EA /* ofxOscSender.cpp in Sources */,
				FAF04A1C1765EECB0054D2EA /* basicTrigger.cpp in Sources */,
				FAF04A1D1765EECB0054D2EA /* beatDetector.cpp in Sources */,
				FAF04A1E1765EECB0054D2EA /* beatModel.cpp in Sources */,
				FAF04A1F1765EECB0054D2EA /* beats.cpp in Sources */,
				FAF04A201765EECB0054D2EA /* boundarySegmentation.cpp in Sources */,
				FAF04A211765EECB0054D2EA /* btAlignedAllocator.cpp in Sources */,
				FAF04A221765EECB0054D2EA /* debugGraph.cpp in Sources */,
				FAF04A241765EECB0054D2EA /* Hero.cpp in Sources */,
				FAF04A591765EED80054D2EA /* medianFilter.cpp in Sources */,
				FAA5BE9C176F4E5900C3998D /* particleEmitter.cpp in Sources */,
				FAF04A5A1765EED80054D2EA /* medianTrigger.cpp in Sources */,
				FAF04A5B1765EED80054D2EA /* movingAverage.cpp in Sources */,
				FAF04A5C1765EED80054D2EA /* movingRMS.cpp in Sources */,
				FAF04A5D1765EED80054D2EA /* pyOSCDebug.cpp in Sources */,
				FAF04A5E1765EED80054D2EA /* RangeLines.cpp in Sources */,
				FAF04A5F1765EED80054D2EA /* sequentialKMeans.cpp in Sources */,
				FAA5BE9D176F4E5900C3998D /* particles.cpp in Sources */,
				FA5C81A61785980C0049021E /* enemyObjectPool.cpp in Sources */,
				FA09B812178709CC00142FF6 /* slashScreen.cpp in Sources */,
				FA8292DF178EFA4B007AC2F1 /* enemyTextureAssign.cpp in Sources */,
				FA8292E2178F0612007AC2F1 /* background.cpp in Sources */,
				FA1750921796B5C800C4BD8E /* boundaryChangeFlash.cpp in Sources */,
				FA40C1CD179844C300C79A57 /* SwordSwipe.cpp in Sources */,
				FA9D5EF817A018C100F35CBC /* enemy.cpp in Sources */,
				FA140A8B17A662C0004B1445 /* uberKilled.cpp in Sources */,
				FA17B60017AA612B00920C04 /* ComboBroken.cpp in Sources */,
				FA17B60617AA6FD900920C04 /* TextOnSceen.cpp in Sources */,
				FABE1B6317B1042D00B986E0 /* DecideWaitTime.cpp in Sources */,
				FABE1B6617B1176A00B986E0 /* CountIn.cpp in Sources */,
				FA1FAEB017BD09B70073DF13 /* HighScore.cpp in Sources */,
			);
			runOnlyForDeploymentPostprocessing = 0;
		};
/* End PBXSourcesBuildPhase section */

/* Begin PBXTargetDependency section */
		E41D410413B3A11300A75A5D /* PBXTargetDependency */ = {
			isa = PBXTargetDependency;
			name = "iPhone+OF Static Library";
			targetProxy = E41D410313B3A11300A75A5D /* PBXContainerItemProxy */;
		};
/* End PBXTargetDependency section */

/* Begin XCBuildConfiguration section */
		1D6058940D05DD3E006BFB54 /* Debug */ = {
			isa = XCBuildConfiguration;
			buildSettings = {
				ALWAYS_SEARCH_USER_PATHS = NO;
				GCC_PRECOMPILE_PREFIX_HEADER = YES;
				GCC_PREFIX_HEADER = iPhone_Prefix.pch;
				INFOPLIST_FILE = "ofxiphone-Info.plist";
				IPHONEOS_DEPLOYMENT_TARGET = 5.1;
				PRODUCT_NAME = TapTapNinja;
				TARGETED_DEVICE_FAMILY = "1,2";
				VALID_ARCHS = "armv6 armv7";
			};
			name = Debug;
		};
		1D6058950D05DD3E006BFB54 /* Release */ = {
			isa = XCBuildConfiguration;
			buildSettings = {
				GCC_PRECOMPILE_PREFIX_HEADER = YES;
				GCC_PREFIX_HEADER = iPhone_Prefix.pch;
				INFOPLIST_FILE = "ofxiphone-Info.plist";
				IPHONEOS_DEPLOYMENT_TARGET = 5.1;
				PRODUCT_NAME = TapTapNinja;
				TARGETED_DEVICE_FAMILY = "1,2";
				VALID_ARCHS = "armv6 armv7";
			};
			name = Release;
		};
		C01FCF4F08A954540054247B /* Debug */ = {
			isa = XCBuildConfiguration;
			baseConfigurationReference = E41D3ED613B38FB500A75A5D /* Project.xcconfig */;
			buildSettings = {
				ALWAYS_SEARCH_USER_PATHS = YES;
				ARCHS = "$(ARCHS_STANDARD_32_BIT)";
				CODE_SIGN_IDENTITY = "";
				"CODE_SIGN_IDENTITY[sdk=iphoneos*]" = "iPhone Developer: John Ribbins (3Z3FSE6N39)";
				COMPRESS_PNG_FILES = NO;
				GCC_C_LANGUAGE_STANDARD = c99;
				GCC_OPTIMIZATION_LEVEL = 0;
				GCC_SYMBOLS_PRIVATE_EXTERN = NO;
				GCC_WARN_ABOUT_DEPRECATED_FUNCTIONS = NO;
				GCC_WARN_ABOUT_INVALID_OFFSETOF_MACRO = NO;
				GCC_WARN_ABOUT_POINTER_SIGNEDNESS = NO;
				GCC_WARN_ABOUT_RETURN_TYPE = YES;
				GCC_WARN_ALLOW_INCOMPLETE_PROTOCOL = NO;
				GCC_WARN_PROTOTYPE_CONVERSION = NO;
				GCC_WARN_UNUSED_VARIABLE = YES;
				HEADER_SEARCH_PATHS = (
					"$(OF_CORE_HEADERS)",
					src,
				);
				IPHONEOS_DEPLOYMENT_TARGET = 5.1;
				ONLY_ACTIVE_ARCH = NO;
				PREBINDING = NO;
				SDKROOT = iphoneos;
				TARGETED_DEVICE_FAMILY = "1,2";
				WARNING_LDFLAGS = "-no_arch_warnings";
			};
			name = Debug;
		};
		C01FCF5008A954540054247B /* Release */ = {
			isa = XCBuildConfiguration;
			baseConfigurationReference = E41D3ED613B38FB500A75A5D /* Project.xcconfig */;
			buildSettings = {
				ALWAYS_SEARCH_USER_PATHS = YES;
				ARCHS = "$(ARCHS_STANDARD_32_BIT)";
				CODE_SIGN_IDENTITY = "";
				"CODE_SIGN_IDENTITY[sdk=iphoneos*]" = "iPhone Developer: John Ribbins (3Z3FSE6N39)";
				COMPRESS_PNG_FILES = NO;
				GCC_C_LANGUAGE_STANDARD = c99;
				GCC_DYNAMIC_NO_PIC = YES;
				GCC_GENERATE_DEBUGGING_SYMBOLS = NO;
				GCC_OPTIMIZATION_LEVEL = 3;
				GCC_SYMBOLS_PRIVATE_EXTERN = NO;
				GCC_THUMB_SUPPORT = NO;
				GCC_WARN_ABOUT_DEPRECATED_FUNCTIONS = NO;
				GCC_WARN_ABOUT_RETURN_TYPE = YES;
				GCC_WARN_UNUSED_VARIABLE = YES;
				HEADER_SEARCH_PATHS = (
					"$(OF_CORE_HEADERS)",
					src,
				);
				IPHONEOS_DEPLOYMENT_TARGET = 5.1;
				ONLY_ACTIVE_ARCH = NO;
				PREBINDING = NO;
				SDKROOT = iphoneos;
				TARGETED_DEVICE_FAMILY = "1,2";
				WARNING_LDFLAGS = "-no_arch_warnings";
			};
			name = Release;
		};
/* End XCBuildConfiguration section */

/* Begin XCConfigurationList section */
		1D6058960D05DD3E006BFB54 /* Build configuration list for PBXNativeTarget "TapTapNinja" */ = {
			isa = XCConfigurationList;
			buildConfigurations = (
				1D6058940D05DD3E006BFB54 /* Debug */,
				1D6058950D05DD3E006BFB54 /* Release */,
			);
			defaultConfigurationIsVisible = 0;
			defaultConfigurationName = Release;
		};
		C01FCF4E08A954540054247B /* Build configuration list for PBXProject "TapTapNinja" */ = {
			isa = XCConfigurationList;
			buildConfigurations = (
				C01FCF4F08A954540054247B /* Debug */,
				C01FCF5008A954540054247B /* Release */,
			);
			defaultConfigurationIsVisible = 0;
			defaultConfigurationName = Release;
		};
/* End XCConfigurationList section */
	};
	rootObject = 29B97313FDCFA39411CA2CEA /* Project object */;
}
